
Microsoft Visual Studio Solution File, Format Version 12.00
# Visual Studio Version 16
VisualStudioVersion = 16.0.28705.295
MinimumVisualStudioVersion = 10.0.40219.1
Project("{9A19103F-16F7-4668-BE54-9A1E7A4F7556}") = "NetPrints", "NetPrints\NetPrints.csproj", "{9F33E024-E65F-4954-9DF2-A1A26D68C0AD}"
EndProject
Project("{9A19103F-16F7-4668-BE54-9A1E7A4F7556}") = "NetPrintsUnitTests", "NetPrintsUnitTests\NetPrintsUnitTests.csproj", "{B45C37E8-A539-48E1-B714-774DB8645F9B}"
EndProject
Project("{2150E333-8FDC-42A3-9474-1A3956D46DE8}") = "Solution Items", "Solution Items", "{56BFC8BD-C86A-4C00-8DED-6F9F508BC3C7}"
	ProjectSection(SolutionItems) = preProject
		CSharpRuleSet.ruleset = CSharpRuleSet.ruleset
	EndProjectSection
EndProject
Project("{9A19103F-16F7-4668-BE54-9A1E7A4F7556}") = "NetPrintsCLI", "NetPrintsCLI\NetPrintsCLI.csproj", "{141EFA2F-E182-4767-8641-27840507EF8A}"
EndProject
Project("{FAE04EC0-301F-11D3-BF4B-00C04F79EFBC}") = "NetPrints.Reflection", "NetPrints.Reflection\NetPrints.Reflection.csproj", "{9EACA69A-85AE-4041-B3C0-46BEC31E621A}"
EndProject
Project("{FAE04EC0-301F-11D3-BF4B-00C04F79EFBC}") = "NetPrints.Editor.Tests", "NetPrints.Editor.Tests\NetPrints.Editor.Tests.csproj", "{80A6DFEE-DE6E-4F72-AD2C-BCB7A66DD113}"
EndProject
Project("{FAE04EC0-301F-11D3-BF4B-00C04F79EFBC}") = "NetPrints.Editor", "NetPrints.Editor\NetPrints.Editor.csproj", "{71851DD2-10B6-4A17-BC7C-C2C035DEF892}"
EndProject
Project("{FAE04EC0-301F-11D3-BF4B-00C04F79EFBC}") = "NetPrints.Desktop", "NetPrints.Desktop\NetPrints.Desktop.csproj", "{ADD6F466-FC08-4BBE-A496-64B9183407FD}"
EndProject
Global
	GlobalSection(SolutionConfigurationPlatforms) = preSolution
		Debug|Any CPU = Debug|Any CPU
		Debug|x64 = Debug|x64
		Debug|x86 = Debug|x86
		Release|Any CPU = Release|Any CPU
		Release|x64 = Release|x64
		Release|x86 = Release|x86
	EndGlobalSection
	GlobalSection(ProjectConfigurationPlatforms) = postSolution
		{9F33E024-E65F-4954-9DF2-A1A26D68C0AD}.Debug|Any CPU.ActiveCfg = Debug|Any CPU
		{9F33E024-E65F-4954-9DF2-A1A26D68C0AD}.Debug|Any CPU.Build.0 = Debug|Any CPU
		{9F33E024-E65F-4954-9DF2-A1A26D68C0AD}.Debug|x64.ActiveCfg = Debug|Any CPU
		{9F33E024-E65F-4954-9DF2-A1A26D68C0AD}.Debug|x64.Build.0 = Debug|Any CPU
		{9F33E024-E65F-4954-9DF2-A1A26D68C0AD}.Debug|x86.ActiveCfg = Debug|Any CPU
		{9F33E024-E65F-4954-9DF2-A1A26D68C0AD}.Debug|x86.Build.0 = Debug|Any CPU
		{9F33E024-E65F-4954-9DF2-A1A26D68C0AD}.Release|Any CPU.ActiveCfg = Release|Any CPU
		{9F33E024-E65F-4954-9DF2-A1A26D68C0AD}.Release|Any CPU.Build.0 = Release|Any CPU
		{9F33E024-E65F-4954-9DF2-A1A26D68C0AD}.Release|x64.ActiveCfg = Release|Any CPU
		{9F33E024-E65F-4954-9DF2-A1A26D68C0AD}.Release|x64.Build.0 = Release|Any CPU
		{9F33E024-E65F-4954-9DF2-A1A26D68C0AD}.Release|x86.ActiveCfg = Release|Any CPU
		{9F33E024-E65F-4954-9DF2-A1A26D68C0AD}.Release|x86.Build.0 = Release|Any CPU
		{B45C37E8-A539-48E1-B714-774DB8645F9B}.Debug|Any CPU.ActiveCfg = Debug|Any CPU
		{B45C37E8-A539-48E1-B714-774DB8645F9B}.Debug|Any CPU.Build.0 = Debug|Any CPU
		{B45C37E8-A539-48E1-B714-774DB8645F9B}.Debug|x64.ActiveCfg = Debug|Any CPU
		{B45C37E8-A539-48E1-B714-774DB8645F9B}.Debug|x64.Build.0 = Debug|Any CPU
		{B45C37E8-A539-48E1-B714-774DB8645F9B}.Debug|x86.ActiveCfg = Debug|Any CPU
		{B45C37E8-A539-48E1-B714-774DB8645F9B}.Debug|x86.Build.0 = Debug|Any CPU
		{B45C37E8-A539-48E1-B714-774DB8645F9B}.Release|Any CPU.ActiveCfg = Release|Any CPU
		{B45C37E8-A539-48E1-B714-774DB8645F9B}.Release|Any CPU.Build.0 = Release|Any CPU
		{B45C37E8-A539-48E1-B714-774DB8645F9B}.Release|x64.ActiveCfg = Release|Any CPU
		{B45C37E8-A539-48E1-B714-774DB8645F9B}.Release|x64.Build.0 = Release|Any CPU
		{B45C37E8-A539-48E1-B714-774DB8645F9B}.Release|x86.ActiveCfg = Release|Any CPU
		{B45C37E8-A539-48E1-B714-774DB8645F9B}.Release|x86.Build.0 = Release|Any CPU
		{141EFA2F-E182-4767-8641-27840507EF8A}.Debug|Any CPU.ActiveCfg = Debug|Any CPU
		{141EFA2F-E182-4767-8641-27840507EF8A}.Debug|Any CPU.Build.0 = Debug|Any CPU
		{141EFA2F-E182-4767-8641-27840507EF8A}.Debug|x64.ActiveCfg = Debug|Any CPU
		{141EFA2F-E182-4767-8641-27840507EF8A}.Debug|x64.Build.0 = Debug|Any CPU
		{141EFA2F-E182-4767-8641-27840507EF8A}.Debug|x86.ActiveCfg = Debug|Any CPU
		{141EFA2F-E182-4767-8641-27840507EF8A}.Debug|x86.Build.0 = Debug|Any CPU
		{141EFA2F-E182-4767-8641-27840507EF8A}.Release|Any CPU.ActiveCfg = Release|Any CPU
		{141EFA2F-E182-4767-8641-27840507EF8A}.Release|Any CPU.Build.0 = Release|Any CPU
		{141EFA2F-E182-4767-8641-27840507EF8A}.Release|x64.ActiveCfg = Release|Any CPU
		{141EFA2F-E182-4767-8641-27840507EF8A}.Release|x64.Build.0 = Release|Any CPU
		{141EFA2F-E182-4767-8641-27840507EF8A}.Release|x86.ActiveCfg = Release|Any CPU
		{141EFA2F-E182-4767-8641-27840507EF8A}.Release|x86.Build.0 = Release|Any CPU
		{9EACA69A-85AE-4041-B3C0-46BEC31E621A}.Debug|Any CPU.ActiveCfg = Debug|Any CPU
		{9EACA69A-85AE-4041-B3C0-46BEC31E621A}.Debug|Any CPU.Build.0 = Debug|Any CPU
		{9EACA69A-85AE-4041-B3C0-46BEC31E621A}.Debug|x64.ActiveCfg = Debug|Any CPU
		{9EACA69A-85AE-4041-B3C0-46BEC31E621A}.Debug|x64.Build.0 = Debug|Any CPU
		{9EACA69A-85AE-4041-B3C0-46BEC31E621A}.Debug|x86.ActiveCfg = Debug|Any CPU
		{9EACA69A-85AE-4041-B3C0-46BEC31E621A}.Debug|x86.Build.0 = Debug|Any CPU
		{9EACA69A-85AE-4041-B3C0-46BEC31E621A}.Release|Any CPU.ActiveCfg = Release|Any CPU
		{9EACA69A-85AE-4041-B3C0-46BEC31E621A}.Release|Any CPU.Build.0 = Release|Any CPU
		{9EACA69A-85AE-4041-B3C0-46BEC31E621A}.Release|x64.ActiveCfg = Release|Any CPU
		{9EACA69A-85AE-4041-B3C0-46BEC31E621A}.Release|x64.Build.0 = Release|Any CPU
		{9EACA69A-85AE-4041-B3C0-46BEC31E621A}.Release|x86.ActiveCfg = Release|Any CPU
		{9EACA69A-85AE-4041-B3C0-46BEC31E621A}.Release|x86.Build.0 = Release|Any CPU
		{80A6DFEE-DE6E-4F72-AD2C-BCB7A66DD113}.Debug|Any CPU.ActiveCfg = Debug|Any CPU
		{80A6DFEE-DE6E-4F72-AD2C-BCB7A66DD113}.Debug|Any CPU.Build.0 = Debug|Any CPU
		{80A6DFEE-DE6E-4F72-AD2C-BCB7A66DD113}.Debug|x64.ActiveCfg = Debug|Any CPU
		{80A6DFEE-DE6E-4F72-AD2C-BCB7A66DD113}.Debug|x64.Build.0 = Debug|Any CPU
		{80A6DFEE-DE6E-4F72-AD2C-BCB7A66DD113}.Debug|x86.ActiveCfg = Debug|Any CPU
		{80A6DFEE-DE6E-4F72-AD2C-BCB7A66DD113}.Debug|x86.Build.0 = Debug|Any CPU
		{80A6DFEE-DE6E-4F72-AD2C-BCB7A66DD113}.Release|Any CPU.ActiveCfg = Release|Any CPU
		{80A6DFEE-DE6E-4F72-AD2C-BCB7A66DD113}.Release|Any CPU.Build.0 = Release|Any CPU
		{80A6DFEE-DE6E-4F72-AD2C-BCB7A66DD113}.Release|x64.ActiveCfg = Release|Any CPU
		{80A6DFEE-DE6E-4F72-AD2C-BCB7A66DD113}.Release|x64.Build.0 = Release|Any CPU
		{80A6DFEE-DE6E-4F72-AD2C-BCB7A66DD113}.Release|x86.ActiveCfg = Release|Any CPU
		{80A6DFEE-DE6E-4F72-AD2C-BCB7A66DD113}.Release|x86.Build.0 = Release|Any CPU
		{71851DD2-10B6-4A17-BC7C-C2C035DEF892}.Debug|Any CPU.ActiveCfg = Debug|Any CPU
		{71851DD2-10B6-4A17-BC7C-C2C035DEF892}.Debug|Any CPU.Build.0 = Debug|Any CPU
		{71851DD2-10B6-4A17-BC7C-C2C035DEF892}.Debug|x64.ActiveCfg = Debug|Any CPU
		{71851DD2-10B6-4A17-BC7C-C2C035DEF892}.Debug|x64.Build.0 = Debug|Any CPU
		{71851DD2-10B6-4A17-BC7C-C2C035DEF892}.Debug|x86.ActiveCfg = Debug|Any CPU
		{71851DD2-10B6-4A17-BC7C-C2C035DEF892}.Debug|x86.Build.0 = Debug|Any CPU
		{71851DD2-10B6-4A17-BC7C-C2C035DEF892}.Release|Any CPU.ActiveCfg = Release|Any CPU
		{71851DD2-10B6-4A17-BC7C-C2C035DEF892}.Release|Any CPU.Build.0 = Release|Any CPU
		{71851DD2-10B6-4A17-BC7C-C2C035DEF892}.Release|x64.ActiveCfg = Release|Any CPU
		{71851DD2-10B6-4A17-BC7C-C2C035DEF892}.Release|x64.Build.0 = Release|Any CPU
		{71851DD2-10B6-4A17-BC7C-C2C035DEF892}.Release|x86.ActiveCfg = Release|Any CPU
		{71851DD2-10B6-4A17-BC7C-C2C035DEF892}.Release|x86.Build.0 = Release|Any CPU
		{ADD6F466-FC08-4BBE-A496-64B9183407FD}.Debug|Any CPU.ActiveCfg = Debug|Any CPU
		{ADD6F466-FC08-4BBE-A496-64B9183407FD}.Debug|Any CPU.Build.0 = Debug|Any CPU
		{ADD6F466-FC08-4BBE-A496-64B9183407FD}.Debug|x64.ActiveCfg = Debug|Any CPU
		{ADD6F466-FC08-4BBE-A496-64B9183407FD}.Debug|x64.Build.0 = Debug|Any CPU
		{ADD6F466-FC08-4BBE-A496-64B9183407FD}.Debug|x86.ActiveCfg = Debug|Any CPU
		{ADD6F466-FC08-4BBE-A496-64B9183407FD}.Debug|x86.Build.0 = Debug|Any CPU
		{ADD6F466-FC08-4BBE-A496-64B9183407FD}.Release|Any CPU.ActiveCfg = Release|Any CPU
		{ADD6F466-FC08-4BBE-A496-64B9183407FD}.Release|Any CPU.Build.0 = Release|Any CPU
		{ADD6F466-FC08-4BBE-A496-64B9183407FD}.Release|x64.ActiveCfg = Release|Any CPU
		{ADD6F466-FC08-4BBE-A496-64B9183407FD}.Release|x64.Build.0 = Release|Any CPU
		{ADD6F466-FC08-4BBE-A496-64B9183407FD}.Release|x86.ActiveCfg = Release|Any CPU
		{ADD6F466-FC08-4BBE-A496-64B9183407FD}.Release|x86.Build.0 = Release|Any CPU
	EndGlobalSection
	GlobalSection(SolutionProperties) = preSolution
		HideSolutionNode = FALSE
	EndGlobalSection
	GlobalSection(ExtensibilityGlobals) = postSolution
		SolutionGuid = {485EEF88-FD6B-41D8-834D-3056F6936722}
	EndGlobalSection
EndGlobal
